{
  "name": "forest-strapi",
  "version": "0.1.0",
  "lockfileVersion": 3,
  "requires": true,
  "packages": {
    "": {
      "name": "forest-strapi",
      "version": "0.1.0",
      "dependencies": {
        "@strapi/strapi": "4.25.8",
        "@strapi/plugin-users-permissions": "4.25.8",
        "@strapi/plugin-content-type-builder": "4.25.8",
        "@strapi/plugin-upload": "4.25.8",
        "@strapi/plugin-email": "4.25.8",
        "@strapi/plugin-i18n": "4.25.8",
        "pg": "8.12.0"
      }
    }
  }
}
